
Microsoft Visual Studio Solution File, Format Version 12.00
# Visual Studio Version 16
VisualStudioVersion = 16.0.30523.141
MinimumVisualStudioVersion = 10.0.40219.1
Project("{FAE04EC0-301F-11D3-BF4B-00C04F79EFBC}") = "App.Main.ObjectPool", "App.Main.ObjectPool\App.Main.ObjectPool.csproj", "{3B7E98FD-93F7-412E-B74C-D8F959EBE087}"
EndProject
Global
	GlobalSection(SolutionConfigurationPlatforms) = preSolution
		Debug|Any CPU = Debug|Any CPU
		Release|Any CPU = Release|Any CPU
	EndGlobalSection
	GlobalSection(ProjectConfigurationPlatforms) = postSolution
		{3B7E98FD-93F7-412E-B74C-D8F959EBE087}.Debug|Any CPU.ActiveCfg = Debug|Any CPU
		{3B7E98FD-93F7-412E-B74C-D8F959EBE087}.Debug|Any CPU.Build.0 = Debug|Any CPU
		{3B7E98FD-93F7-412E-B74C-D8F959EBE087}.Release|Any CPU.ActiveCfg = Release|Any CPU
		{3B7E98FD-93F7-412E-B74C-D8F959EBE087}.Release|Any CPU.Build.0 = Release|Any CPU
	EndGlobalSection
	GlobalSection(SolutionProperties) = preSolution
		HideSolutionNode = FALSE
	EndGlobalSection
	GlobalSection(ExtensibilityGlobals) = postSolution
		SolutionGuid = {0BBE8F84-55ED-455B-A6A4-BE9F2EE3D1C9}
	EndGlobalSection
EndGlobal
