
Microsoft Visual Studio Solution File, Format Version 12.00
# Visual Studio Version 16
VisualStudioVersion = 16.0.30523.141
MinimumVisualStudioVersion = 10.0.40219.1
Project("{FAE04EC0-301F-11D3-BF4B-00C04F79EFBC}") = "App.Main.Adapter", "App.Main.Adapter\App.Main.Adapter.csproj", "{7D7FF88A-BC10-46B0-B500-EB22C2E89A7A}"
EndProject
Project("{FAE04EC0-301F-11D3-BF4B-00C04F79EFBC}") = "Base.Interfaces", "Base.Interfaces\Base.Interfaces.csproj", "{A5ACED22-EA28-4C62-8378-FD0F341A38CA}"
EndProject
Project("{FAE04EC0-301F-11D3-BF4B-00C04F79EFBC}") = "Imp.DataProvider", "Imp.DataAdapter\Imp.DataProvider.csproj", "{74EACE99-7243-4EBE-A832-0A7407A416E8}"
EndProject
Project("{FAE04EC0-301F-11D3-BF4B-00C04F79EFBC}") = "Imp.SqlDataProvider", "Imp.SqlDataProvider\Imp.SqlDataProvider.csproj", "{AA5811BB-0DCF-46C4-9996-1F47DB600A73}"
EndProject
Project("{FAE04EC0-301F-11D3-BF4B-00C04F79EFBC}") = "Imp.RemoteDataProvider", "Imp.RemoteDataProvider\Imp.RemoteDataProvider.csproj", "{7DA47D36-5F73-4044-B661-A62973BF3C11}"
EndProject
Global
	GlobalSection(SolutionConfigurationPlatforms) = preSolution
		Debug|Any CPU = Debug|Any CPU
		Release|Any CPU = Release|Any CPU
	EndGlobalSection
	GlobalSection(ProjectConfigurationPlatforms) = postSolution
		{7D7FF88A-BC10-46B0-B500-EB22C2E89A7A}.Debug|Any CPU.ActiveCfg = Debug|Any CPU
		{7D7FF88A-BC10-46B0-B500-EB22C2E89A7A}.Debug|Any CPU.Build.0 = Debug|Any CPU
		{7D7FF88A-BC10-46B0-B500-EB22C2E89A7A}.Release|Any CPU.ActiveCfg = Release|Any CPU
		{7D7FF88A-BC10-46B0-B500-EB22C2E89A7A}.Release|Any CPU.Build.0 = Release|Any CPU
		{A5ACED22-EA28-4C62-8378-FD0F341A38CA}.Debug|Any CPU.ActiveCfg = Debug|Any CPU
		{A5ACED22-EA28-4C62-8378-FD0F341A38CA}.Debug|Any CPU.Build.0 = Debug|Any CPU
		{A5ACED22-EA28-4C62-8378-FD0F341A38CA}.Release|Any CPU.ActiveCfg = Release|Any CPU
		{A5ACED22-EA28-4C62-8378-FD0F341A38CA}.Release|Any CPU.Build.0 = Release|Any CPU
		{74EACE99-7243-4EBE-A832-0A7407A416E8}.Debug|Any CPU.ActiveCfg = Debug|Any CPU
		{74EACE99-7243-4EBE-A832-0A7407A416E8}.Debug|Any CPU.Build.0 = Debug|Any CPU
		{74EACE99-7243-4EBE-A832-0A7407A416E8}.Release|Any CPU.ActiveCfg = Release|Any CPU
		{74EACE99-7243-4EBE-A832-0A7407A416E8}.Release|Any CPU.Build.0 = Release|Any CPU
		{AA5811BB-0DCF-46C4-9996-1F47DB600A73}.Debug|Any CPU.ActiveCfg = Debug|Any CPU
		{AA5811BB-0DCF-46C4-9996-1F47DB600A73}.Debug|Any CPU.Build.0 = Debug|Any CPU
		{AA5811BB-0DCF-46C4-9996-1F47DB600A73}.Release|Any CPU.ActiveCfg = Release|Any CPU
		{AA5811BB-0DCF-46C4-9996-1F47DB600A73}.Release|Any CPU.Build.0 = Release|Any CPU
		{7DA47D36-5F73-4044-B661-A62973BF3C11}.Debug|Any CPU.ActiveCfg = Debug|Any CPU
		{7DA47D36-5F73-4044-B661-A62973BF3C11}.Debug|Any CPU.Build.0 = Debug|Any CPU
		{7DA47D36-5F73-4044-B661-A62973BF3C11}.Release|Any CPU.ActiveCfg = Release|Any CPU
		{7DA47D36-5F73-4044-B661-A62973BF3C11}.Release|Any CPU.Build.0 = Release|Any CPU
	EndGlobalSection
	GlobalSection(SolutionProperties) = preSolution
		HideSolutionNode = FALSE
	EndGlobalSection
	GlobalSection(ExtensibilityGlobals) = postSolution
		SolutionGuid = {52F9CA6B-187C-403A-BED4-DE953FFDA6A2}
	EndGlobalSection
EndGlobal
