
Microsoft Visual Studio Solution File, Format Version 12.00
# Visual Studio Version 16
VisualStudioVersion = 16.0.30523.141
MinimumVisualStudioVersion = 10.0.40219.1
Project("{FAE04EC0-301F-11D3-BF4B-00C04F79EFBC}") = "Base.Interfaces", "Base.Interfaces\Base.Interfaces.csproj", "{C233497D-609D-4858-9CFD-78CD8AFCBC04}"
EndProject
Project("{FAE04EC0-301F-11D3-BF4B-00C04F79EFBC}") = "Imp.Letters", "Imp.Letters\Imp.Letters.csproj", "{83719C79-5930-4E7E-AC46-6B20F89FF22A}"
EndProject
Project("{FAE04EC0-301F-11D3-BF4B-00C04F79EFBC}") = "App.Main.Prototype", "App.Main.Prototype\App.Main.Prototype.csproj", "{7DFA076C-8D9D-451E-B491-743C1A969684}"
EndProject
Global
	GlobalSection(SolutionConfigurationPlatforms) = preSolution
		Debug|Any CPU = Debug|Any CPU
		Release|Any CPU = Release|Any CPU
	EndGlobalSection
	GlobalSection(ProjectConfigurationPlatforms) = postSolution
		{C233497D-609D-4858-9CFD-78CD8AFCBC04}.Debug|Any CPU.ActiveCfg = Debug|Any CPU
		{C233497D-609D-4858-9CFD-78CD8AFCBC04}.Debug|Any CPU.Build.0 = Debug|Any CPU
		{C233497D-609D-4858-9CFD-78CD8AFCBC04}.Release|Any CPU.ActiveCfg = Release|Any CPU
		{C233497D-609D-4858-9CFD-78CD8AFCBC04}.Release|Any CPU.Build.0 = Release|Any CPU
		{83719C79-5930-4E7E-AC46-6B20F89FF22A}.Debug|Any CPU.ActiveCfg = Debug|Any CPU
		{83719C79-5930-4E7E-AC46-6B20F89FF22A}.Debug|Any CPU.Build.0 = Debug|Any CPU
		{83719C79-5930-4E7E-AC46-6B20F89FF22A}.Release|Any CPU.ActiveCfg = Release|Any CPU
		{83719C79-5930-4E7E-AC46-6B20F89FF22A}.Release|Any CPU.Build.0 = Release|Any CPU
		{7DFA076C-8D9D-451E-B491-743C1A969684}.Debug|Any CPU.ActiveCfg = Debug|Any CPU
		{7DFA076C-8D9D-451E-B491-743C1A969684}.Debug|Any CPU.Build.0 = Debug|Any CPU
		{7DFA076C-8D9D-451E-B491-743C1A969684}.Release|Any CPU.ActiveCfg = Release|Any CPU
		{7DFA076C-8D9D-451E-B491-743C1A969684}.Release|Any CPU.Build.0 = Release|Any CPU
	EndGlobalSection
	GlobalSection(SolutionProperties) = preSolution
		HideSolutionNode = FALSE
	EndGlobalSection
	GlobalSection(ExtensibilityGlobals) = postSolution
		SolutionGuid = {75B95003-5666-49DC-9E32-C3320FEA789C}
	EndGlobalSection
EndGlobal
