
Microsoft Visual Studio Solution File, Format Version 12.00
# Visual Studio Version 16
VisualStudioVersion = 16.0.30523.141
MinimumVisualStudioVersion = 10.0.40219.1
Project("{FAE04EC0-301F-11D3-BF4B-00C04F79EFBC}") = "App.Main", "App.Main\App.Main.csproj", "{A72A4527-4DDC-4D76-8827-9E7958ADACB0}"
EndProject
Project("{FAE04EC0-301F-11D3-BF4B-00C04F79EFBC}") = "Base.Interface", "Base.Interface\Base.Interface.csproj", "{00506078-5ED5-4509-9BC0-A9B6171D3825}"
EndProject
Project("{FAE04EC0-301F-11D3-BF4B-00C04F79EFBC}") = "Base.Implementation", "Base.Implementation\Base.Implementation.csproj", "{519C7FB7-CE25-4623-B9E7-4A4E86476E9E}"
EndProject
Global
	GlobalSection(SolutionConfigurationPlatforms) = preSolution
		Debug|Any CPU = Debug|Any CPU
		Release|Any CPU = Release|Any CPU
	EndGlobalSection
	GlobalSection(ProjectConfigurationPlatforms) = postSolution
		{A72A4527-4DDC-4D76-8827-9E7958ADACB0}.Debug|Any CPU.ActiveCfg = Debug|Any CPU
		{A72A4527-4DDC-4D76-8827-9E7958ADACB0}.Debug|Any CPU.Build.0 = Debug|Any CPU
		{A72A4527-4DDC-4D76-8827-9E7958ADACB0}.Release|Any CPU.ActiveCfg = Release|Any CPU
		{A72A4527-4DDC-4D76-8827-9E7958ADACB0}.Release|Any CPU.Build.0 = Release|Any CPU
		{00506078-5ED5-4509-9BC0-A9B6171D3825}.Debug|Any CPU.ActiveCfg = Debug|Any CPU
		{00506078-5ED5-4509-9BC0-A9B6171D3825}.Debug|Any CPU.Build.0 = Debug|Any CPU
		{00506078-5ED5-4509-9BC0-A9B6171D3825}.Release|Any CPU.ActiveCfg = Release|Any CPU
		{00506078-5ED5-4509-9BC0-A9B6171D3825}.Release|Any CPU.Build.0 = Release|Any CPU
		{519C7FB7-CE25-4623-B9E7-4A4E86476E9E}.Debug|Any CPU.ActiveCfg = Debug|Any CPU
		{519C7FB7-CE25-4623-B9E7-4A4E86476E9E}.Debug|Any CPU.Build.0 = Debug|Any CPU
		{519C7FB7-CE25-4623-B9E7-4A4E86476E9E}.Release|Any CPU.ActiveCfg = Release|Any CPU
		{519C7FB7-CE25-4623-B9E7-4A4E86476E9E}.Release|Any CPU.Build.0 = Release|Any CPU
	EndGlobalSection
	GlobalSection(SolutionProperties) = preSolution
		HideSolutionNode = FALSE
	EndGlobalSection
	GlobalSection(ExtensibilityGlobals) = postSolution
		SolutionGuid = {F7FFB0BF-2AA5-45BD-82E3-F40034F5170A}
	EndGlobalSection
EndGlobal
